
Microsoft Visual Studio Solution File, Format Version 12.00
# Visual Studio 2013
VisualStudioVersion = 12.0.31101.0
MinimumVisualStudioVersion = 10.0.40219.1
Project("{FAE04EC0-301F-11D3-BF4B-00C04F79EFBC}") = "WindowsFormsApplication3", "WindowsFormsApplication3\WindowsFormsApplication3.csproj", "{43ADABC7-2165-4E46-9F87-E9431DC4A9B7}"
EndProject
Project("{F088123C-0E9E-452A-89E6-6BA2F21D5CAC}") = "ModelingProject1", "ModelingProject1\ModelingProject1.modelproj", "{0AE3C5F7-A174-4CA4-8434-A9167871F172}"
EndProject
Global
	GlobalSection(SolutionConfigurationPlatforms) = preSolution
		Debug|Any CPU = Debug|Any CPU
		Debug|x64 = Debug|x64
		Debug|x86 = Debug|x86
		Release|Any CPU = Release|Any CPU
		Release|x64 = Release|x64
		Release|x86 = Release|x86
	EndGlobalSection
	GlobalSection(ProjectConfigurationPlatforms) = postSolution
		{43ADABC7-2165-4E46-9F87-E9431DC4A9B7}.Debug|Any CPU.ActiveCfg = Debug|Any CPU
		{43ADABC7-2165-4E46-9F87-E9431DC4A9B7}.Debug|Any CPU.Build.0 = Debug|Any CPU
		{43ADABC7-2165-4E46-9F87-E9431DC4A9B7}.Debug|x64.ActiveCfg = Debug|x64
		{43ADABC7-2165-4E46-9F87-E9431DC4A9B7}.Debug|x64.Build.0 = Debug|x64
		{43ADABC7-2165-4E46-9F87-E9431DC4A9B7}.Debug|x86.ActiveCfg = Debug|x86
		{43ADABC7-2165-4E46-9F87-E9431DC4A9B7}.Debug|x86.Build.0 = Debug|x86
		{43ADABC7-2165-4E46-9F87-E9431DC4A9B7}.Release|Any CPU.ActiveCfg = Release|Any CPU
		{43ADABC7-2165-4E46-9F87-E9431DC4A9B7}.Release|Any CPU.Build.0 = Release|Any CPU
		{43ADABC7-2165-4E46-9F87-E9431DC4A9B7}.Release|x64.ActiveCfg = Release|x64
		{43ADABC7-2165-4E46-9F87-E9431DC4A9B7}.Release|x64.Build.0 = Release|x64
		{43ADABC7-2165-4E46-9F87-E9431DC4A9B7}.Release|x86.ActiveCfg = Release|x86
		{43ADABC7-2165-4E46-9F87-E9431DC4A9B7}.Release|x86.Build.0 = Release|x86
		{0AE3C5F7-A174-4CA4-8434-A9167871F172}.Debug|Any CPU.ActiveCfg = Debug|Any CPU
		{0AE3C5F7-A174-4CA4-8434-A9167871F172}.Debug|Any CPU.Build.0 = Debug|Any CPU
		{0AE3C5F7-A174-4CA4-8434-A9167871F172}.Debug|x64.ActiveCfg = Debug|Any CPU
		{0AE3C5F7-A174-4CA4-8434-A9167871F172}.Debug|x86.ActiveCfg = Debug|Any CPU
		{0AE3C5F7-A174-4CA4-8434-A9167871F172}.Release|Any CPU.ActiveCfg = Release|Any CPU
		{0AE3C5F7-A174-4CA4-8434-A9167871F172}.Release|Any CPU.Build.0 = Release|Any CPU
		{0AE3C5F7-A174-4CA4-8434-A9167871F172}.Release|x64.ActiveCfg = Release|Any CPU
		{0AE3C5F7-A174-4CA4-8434-A9167871F172}.Release|x86.ActiveCfg = Release|Any CPU
	EndGlobalSection
	GlobalSection(SolutionProperties) = preSolution
		HideSolutionNode = FALSE
	EndGlobalSection
EndGlobal
